
Microsoft Visual Studio Solution File, Format Version 12.00
# Visual Studio Version 17
VisualStudioVersion = 17.11.35327.3
MinimumVisualStudioVersion = 10.0.40219.1
Project("{FAE04EC0-301F-11D3-BF4B-00C04F79EFBC}") = "Aestus.API", "Aestus.API.csproj", "{79D4B7DB-88FF-497E-A126-4CE6234B3528}"
EndProject
Global
	GlobalSection(SolutionConfigurationPlatforms) = preSolution
		Debug|Any CPU = Debug|Any CPU
		Release|Any CPU = Release|Any CPU
	EndGlobalSection
	GlobalSection(ProjectConfigurationPlatforms) = postSolution
		{79D4B7DB-88FF-497E-A126-4CE6234B3528}.Debug|Any CPU.ActiveCfg = Debug|Any CPU
		{79D4B7DB-88FF-497E-A126-4CE6234B3528}.Debug|Any CPU.Build.0 = Debug|Any CPU
		{79D4B7DB-88FF-497E-A126-4CE6234B3528}.Release|Any CPU.ActiveCfg = Release|Any CPU
		{79D4B7DB-88FF-497E-A126-4CE6234B3528}.Release|Any CPU.Build.0 = Release|Any CPU
	EndGlobalSection
	GlobalSection(SolutionProperties) = preSolution
		HideSolutionNode = FALSE
	EndGlobalSection
	GlobalSection(ExtensibilityGlobals) = postSolution
		SolutionGuid = {C9B18F61-0762-4565-9BCA-4CA44F8EAC57}
	EndGlobalSection
EndGlobal
